<?xml version="1.0" encoding="utf-8"?>
<Project ToolsVersion="4.0" xmlns="http://schemas.microsoft.com/developer/msbuild/2003">
  <ItemGroup>
    <Filter Include="ソース ファイル">
      <UniqueIdentifier>{4FC737F1-C7A5-4376-A066-2A32D752A2FF}</UniqueIdentifier>
      <Extensions>cpp;c;cc;cxx;def;odl;idl;hpj;bat;asm;asmx</Extensions>
    </Filter>
    <Filter Include="ソース ファイル\Engine">
      <UniqueIdentifier>{bdf236f1-5767-42f4-a457-2209fe2b76d7}</UniqueIdentifier>
    </Filter>
    <Filter Include="ソース ファイル\Utility">
      <UniqueIdentifier>{aee65558-85d6-4b32-816a-ec589ad0d8bd}</UniqueIdentifier>
    </Filter>
  </ItemGroup>
  <ItemGroup>
    <ClCompile Include="Src\Engine\Engine.cpp">
      <Filter>ソース ファイル\Engine</Filter>
    </ClCompile>
    <ClCompile Include="Src\Engine\Graphics.cpp">
      <Filter>ソース ファイル\Engine</Filter>
    </ClCompile>
    <ClCompile Include="Src\Engine\Input.cpp">
      <Filter>ソース ファイル\Engine</Filter>
    </ClCompile>
    <ClCompile Include="Src\Engine\Window.cpp">
      <Filter>ソース ファイル\Engine</Filter>
    </ClCompile>
    <ClCompile Include="Src\CubeMesh.cpp">
      <Filter>ソース ファイル</Filter>
    </ClCompile>
    <ClCompile Include="Src\Main.cpp">
      <Filter>ソース ファイル</Filter>
    </ClCompile>
  </ItemGroup>
  <ItemGroup>
    <ClInclude Include="Src\Engine\Engine.h">
      <Filter>ソース ファイル\Engine</Filter>
    </ClInclude>
    <ClInclude Include="Src\Engine\Graphics.h">
      <Filter>ソース ファイル\Engine</Filter>
    </ClInclude>
    <ClInclude Include="Src\Engine\Input.h">
      <Filter>ソース ファイル\Engine</Filter>
    </ClInclude>
    <ClInclude Include="Src\Engine\Window.h">
      <Filter>ソース ファイル\Engine</Filter>
    </ClInclude>
    <ClInclude Include="Src\Utility\Size.h">
      <Filter>ソース ファイル\Utility</Filter>
    </ClInclude>
    <ClInclude Include="Src\Utility\Vec.h">
      <Filter>ソース ファイル\Utility</Filter>
    </ClInclude>
    <ClInclude Include="Src\CubeMesh.h">
      <Filter>ソース ファイル</Filter>
    </ClInclude>
  </ItemGroup>
</Project>